Microsoft Visual Studio Solution File, Format Version 11.00
# Visual Studio 2010
Project("{FAE04EC0-301F-11D3-BF4B-00C04F79EFBC}") = "GridColumnOnClickSelection", "GridColumnOnClickSelection\GridColumnOnClickSelection.csproj", "{68B32538-5E2E-402A-B45D-1477F438E2E4}"
EndProject
Global
	GlobalSection(SolutionConfigurationPlatforms) = preSolution
		Debug|Any CPU = Debug|Any CPU
		Release|Any CPU = Release|Any CPU
	EndGlobalSection
	GlobalSection(ProjectConfigurationPlatforms) = postSolution
		{68B32538-5E2E-402A-B45D-1477F438E2E4}.Debug|Any CPU.ActiveCfg = Debug|Any CPU
		{68B32538-5E2E-402A-B45D-1477F438E2E4}.Debug|Any CPU.Build.0 = Debug|Any CPU
		{68B32538-5E2E-402A-B45D-1477F438E2E4}.Release|Any CPU.ActiveCfg = Release|Any CPU
		{68B32538-5E2E-402A-B45D-1477F438E2E4}.Release|Any CPU.Build.0 = Release|Any CPU
	EndGlobalSection
	GlobalSection(SolutionProperties) = preSolution
		HideSolutionNode = FALSE
	EndGlobalSection
EndGlobal
